
Microsoft Visual Studio Solution File, Format Version 12.00
# Visual Studio Version 17
VisualStudioVersion = 17.3.32922.545
MinimumVisualStudioVersion = 10.0.40219.1
Project("{FAE04EC0-301F-11D3-BF4B-00C04F79EFBC}") = "WeatherApp", "WeatherApp.csproj", "{43C1E864-E915-4DA0-8F06-3A2DF9F0FCA7}"
EndProject
Global
	GlobalSection(SolutionConfigurationPlatforms) = preSolution
		Debug|Any CPU = Debug|Any CPU
		Release|Any CPU = Release|Any CPU
	EndGlobalSection
	GlobalSection(ProjectConfigurationPlatforms) = postSolution
		{43C1E864-E915-4DA0-8F06-3A2DF9F0FCA7}.Debug|Any CPU.ActiveCfg = Debug|Any CPU
		{43C1E864-E915-4DA0-8F06-3A2DF9F0FCA7}.Debug|Any CPU.Build.0 = Debug|Any CPU
		{43C1E864-E915-4DA0-8F06-3A2DF9F0FCA7}.Release|Any CPU.ActiveCfg = Release|Any CPU
		{43C1E864-E915-4DA0-8F06-3A2DF9F0FCA7}.Release|Any CPU.Build.0 = Release|Any CPU
	EndGlobalSection
	GlobalSection(SolutionProperties) = preSolution
		HideSolutionNode = FALSE
	EndGlobalSection
	GlobalSection(ExtensibilityGlobals) = postSolution
		SolutionGuid = {F989AEF9-88DC-4484-88F9-798EA93C6B15}
	EndGlobalSection
EndGlobal
